{
    "_readme": [
        "This file locks the dependencies of your project to a known state",
        "Read more about it at https://getcomposer.org/doc/01-basic-usage.md#installing-dependencies",
        "This file is @generated automatically"
    ],
    "content-hash": "f5534db84c5b665f86f1e057624851f5",
    "packages": [
        {
            "name": "mrdoob/three.js",
            "version": "0.139.1",
            "source": {
                "type": "git",
                "url": "https://github.com/mrdoob/three.js",
                "reference": "origin/dev"
            },
            "type": "library"
        }
    ],
    "packages-dev": [],
    "aliases": [],
    "minimum-stability": "stable",
    "stability-flags": [],
    "prefer-stable": false,
    "prefer-lowest": false,
    "platform": [],
    "platform-dev": [],
    "plugin-api-version": "2.1.0"
}
